
Microsoft Visual Studio Solution File, Format Version 12.00
# Visual Studio Version 16
VisualStudioVersion = 16.0.31005.135
MinimumVisualStudioVersion = 10.0.40219.1
Project("{FAE04EC0-301F-11D3-BF4B-00C04F79EFBC}") = "Server", "Server\Server.csproj", "{80449DC8-0B31-4749-8A0E-8711F750F33B}"
EndProject
Project("{FAE04EC0-301F-11D3-BF4B-00C04F79EFBC}") = "StreamProtocol", "StreamProtocol\StreamProtocol.csproj", "{78EDE4A1-17CB-4A7B-BA90-FB32C9874B84}"
EndProject
Project("{FAE04EC0-301F-11D3-BF4B-00C04F79EFBC}") = "Client", "Client\Client.csproj", "{5FEED349-DB21-46BA-9FD5-0E6E13E37664}"
EndProject
Global
	GlobalSection(SolutionConfigurationPlatforms) = preSolution
		Debug|Any CPU = Debug|Any CPU
		Release|Any CPU = Release|Any CPU
	EndGlobalSection
	GlobalSection(ProjectConfigurationPlatforms) = postSolution
		{80449DC8-0B31-4749-8A0E-8711F750F33B}.Debug|Any CPU.ActiveCfg = Debug|Any CPU
		{80449DC8-0B31-4749-8A0E-8711F750F33B}.Debug|Any CPU.Build.0 = Debug|Any CPU
		{80449DC8-0B31-4749-8A0E-8711F750F33B}.Release|Any CPU.ActiveCfg = Release|Any CPU
		{80449DC8-0B31-4749-8A0E-8711F750F33B}.Release|Any CPU.Build.0 = Release|Any CPU
		{78EDE4A1-17CB-4A7B-BA90-FB32C9874B84}.Debug|Any CPU.ActiveCfg = Debug|Any CPU
		{78EDE4A1-17CB-4A7B-BA90-FB32C9874B84}.Debug|Any CPU.Build.0 = Debug|Any CPU
		{78EDE4A1-17CB-4A7B-BA90-FB32C9874B84}.Release|Any CPU.ActiveCfg = Release|Any CPU
		{78EDE4A1-17CB-4A7B-BA90-FB32C9874B84}.Release|Any CPU.Build.0 = Release|Any CPU
		{5FEED349-DB21-46BA-9FD5-0E6E13E37664}.Debug|Any CPU.ActiveCfg = Debug|Any CPU
		{5FEED349-DB21-46BA-9FD5-0E6E13E37664}.Debug|Any CPU.Build.0 = Debug|Any CPU
		{5FEED349-DB21-46BA-9FD5-0E6E13E37664}.Release|Any CPU.ActiveCfg = Release|Any CPU
		{5FEED349-DB21-46BA-9FD5-0E6E13E37664}.Release|Any CPU.Build.0 = Release|Any CPU
	EndGlobalSection
	GlobalSection(SolutionProperties) = preSolution
		HideSolutionNode = FALSE
	EndGlobalSection
	GlobalSection(ExtensibilityGlobals) = postSolution
		SolutionGuid = {A0928BC5-5218-49CB-9469-CB55712FB72E}
	EndGlobalSection
EndGlobal
